
Microsoft Visual Studio Solution File, Format Version 12.00
# Visual Studio Version 17
VisualStudioVersion = 17.11.35312.102
MinimumVisualStudioVersion = 10.0.40219.1
Project("{9A19103F-16F7-4668-BE54-9A1E7A4F7556}") = "FactoryPattern", "RepositoryPatterns\FactoryPattern.csproj", "{9915CC43-19D7-4D22-9894-2F684766A258}"
EndProject
Project("{9A19103F-16F7-4668-BE54-9A1E7A4F7556}") = "IteratoryPatterns", "IteratoryPatterns\IteratoryPatterns.csproj", "{366F4E56-BE62-407E-A4CA-81AB1604A6EF}"
EndProject
Project("{9A19103F-16F7-4668-BE54-9A1E7A4F7556}") = "AdaptorPattern", "AdaptorPattern\AdaptorPattern.csproj", "{6778F7FD-93D2-45D7-A8D4-9E9AAE9D5C88}"
EndProject
Project("{9A19103F-16F7-4668-BE54-9A1E7A4F7556}") = "DecratorPattern", "DecratorPattern\DecratorPattern.csproj", "{422BD4DA-B451-4F3E-A629-F67F97178F99}"
EndProject
Project("{9A19103F-16F7-4668-BE54-9A1E7A4F7556}") = "CommandPattern", "CommandPattern\CommandPattern.csproj", "{F12D91CD-6BFB-4245-A1AF-0DAE58A77618}"
EndProject
Project("{9A19103F-16F7-4668-BE54-9A1E7A4F7556}") = "FacadePattern", "FacadePattern\FacadePattern.csproj", "{49373E6F-E88C-41F7-99CE-79ECE856A59C}"
EndProject
Project("{9A19103F-16F7-4668-BE54-9A1E7A4F7556}") = "CompositePattern", "CompositePattern\CompositePattern.csproj", "{F5994551-D9E3-48E1-BCEE-BBFB1CC3E050}"
EndProject
Project("{9A19103F-16F7-4668-BE54-9A1E7A4F7556}") = "SingletonDesignPattern", "SingletonDesignPattern\SingletonDesignPattern.csproj", "{59D50955-738E-4C00-B961-5C0A8C880143}"
EndProject
Project("{9A19103F-16F7-4668-BE54-9A1E7A4F7556}") = "DependencyInjection", "DependencyInjection\DependencyInjection.csproj", "{464CACCE-154D-4AE3-9E69-0624E6D87F0F}"
EndProject
Project("{FAE04EC0-301F-11D3-BF4B-00C04F79EFBC}") = "SnakeProgram", "SnakeProgram\SnakeProgram.csproj", "{2B4AC613-931E-4C08-8815-2AF898A49B96}"
EndProject
Global
	GlobalSection(SolutionConfigurationPlatforms) = preSolution
		Debug|Any CPU = Debug|Any CPU
		Release|Any CPU = Release|Any CPU
	EndGlobalSection
	GlobalSection(ProjectConfigurationPlatforms) = postSolution
		{9915CC43-19D7-4D22-9894-2F684766A258}.Debug|Any CPU.ActiveCfg = Debug|Any CPU
		{9915CC43-19D7-4D22-9894-2F684766A258}.Debug|Any CPU.Build.0 = Debug|Any CPU
		{9915CC43-19D7-4D22-9894-2F684766A258}.Release|Any CPU.ActiveCfg = Release|Any CPU
		{9915CC43-19D7-4D22-9894-2F684766A258}.Release|Any CPU.Build.0 = Release|Any CPU
		{366F4E56-BE62-407E-A4CA-81AB1604A6EF}.Debug|Any CPU.ActiveCfg = Debug|Any CPU
		{366F4E56-BE62-407E-A4CA-81AB1604A6EF}.Debug|Any CPU.Build.0 = Debug|Any CPU
		{366F4E56-BE62-407E-A4CA-81AB1604A6EF}.Release|Any CPU.ActiveCfg = Release|Any CPU
		{366F4E56-BE62-407E-A4CA-81AB1604A6EF}.Release|Any CPU.Build.0 = Release|Any CPU
		{6778F7FD-93D2-45D7-A8D4-9E9AAE9D5C88}.Debug|Any CPU.ActiveCfg = Debug|Any CPU
		{6778F7FD-93D2-45D7-A8D4-9E9AAE9D5C88}.Debug|Any CPU.Build.0 = Debug|Any CPU
		{6778F7FD-93D2-45D7-A8D4-9E9AAE9D5C88}.Release|Any CPU.ActiveCfg = Release|Any CPU
		{6778F7FD-93D2-45D7-A8D4-9E9AAE9D5C88}.Release|Any CPU.Build.0 = Release|Any CPU
		{422BD4DA-B451-4F3E-A629-F67F97178F99}.Debug|Any CPU.ActiveCfg = Debug|Any CPU
		{422BD4DA-B451-4F3E-A629-F67F97178F99}.Debug|Any CPU.Build.0 = Debug|Any CPU
		{422BD4DA-B451-4F3E-A629-F67F97178F99}.Release|Any CPU.ActiveCfg = Release|Any CPU
		{422BD4DA-B451-4F3E-A629-F67F97178F99}.Release|Any CPU.Build.0 = Release|Any CPU
		{F12D91CD-6BFB-4245-A1AF-0DAE58A77618}.Debug|Any CPU.ActiveCfg = Debug|Any CPU
		{F12D91CD-6BFB-4245-A1AF-0DAE58A77618}.Debug|Any CPU.Build.0 = Debug|Any CPU
		{F12D91CD-6BFB-4245-A1AF-0DAE58A77618}.Release|Any CPU.ActiveCfg = Release|Any CPU
		{F12D91CD-6BFB-4245-A1AF-0DAE58A77618}.Release|Any CPU.Build.0 = Release|Any CPU
		{49373E6F-E88C-41F7-99CE-79ECE856A59C}.Debug|Any CPU.ActiveCfg = Debug|Any CPU
		{49373E6F-E88C-41F7-99CE-79ECE856A59C}.Debug|Any CPU.Build.0 = Debug|Any CPU
		{49373E6F-E88C-41F7-99CE-79ECE856A59C}.Release|Any CPU.ActiveCfg = Release|Any CPU
		{49373E6F-E88C-41F7-99CE-79ECE856A59C}.Release|Any CPU.Build.0 = Release|Any CPU
		{F5994551-D9E3-48E1-BCEE-BBFB1CC3E050}.Debug|Any CPU.ActiveCfg = Debug|Any CPU
		{F5994551-D9E3-48E1-BCEE-BBFB1CC3E050}.Debug|Any CPU.Build.0 = Debug|Any CPU
		{F5994551-D9E3-48E1-BCEE-BBFB1CC3E050}.Release|Any CPU.ActiveCfg = Release|Any CPU
		{F5994551-D9E3-48E1-BCEE-BBFB1CC3E050}.Release|Any CPU.Build.0 = Release|Any CPU
		{59D50955-738E-4C00-B961-5C0A8C880143}.Debug|Any CPU.ActiveCfg = Debug|Any CPU
		{59D50955-738E-4C00-B961-5C0A8C880143}.Debug|Any CPU.Build.0 = Debug|Any CPU
		{59D50955-738E-4C00-B961-5C0A8C880143}.Release|Any CPU.ActiveCfg = Release|Any CPU
		{59D50955-738E-4C00-B961-5C0A8C880143}.Release|Any CPU.Build.0 = Release|Any CPU
		{464CACCE-154D-4AE3-9E69-0624E6D87F0F}.Debug|Any CPU.ActiveCfg = Debug|Any CPU
		{464CACCE-154D-4AE3-9E69-0624E6D87F0F}.Debug|Any CPU.Build.0 = Debug|Any CPU
		{464CACCE-154D-4AE3-9E69-0624E6D87F0F}.Release|Any CPU.ActiveCfg = Release|Any CPU
		{464CACCE-154D-4AE3-9E69-0624E6D87F0F}.Release|Any CPU.Build.0 = Release|Any CPU
		{2B4AC613-931E-4C08-8815-2AF898A49B96}.Debug|Any CPU.ActiveCfg = Debug|Any CPU
		{2B4AC613-931E-4C08-8815-2AF898A49B96}.Debug|Any CPU.Build.0 = Debug|Any CPU
		{2B4AC613-931E-4C08-8815-2AF898A49B96}.Release|Any CPU.ActiveCfg = Release|Any CPU
		{2B4AC613-931E-4C08-8815-2AF898A49B96}.Release|Any CPU.Build.0 = Release|Any CPU
	EndGlobalSection
	GlobalSection(SolutionProperties) = preSolution
		HideSolutionNode = FALSE
	EndGlobalSection
	GlobalSection(ExtensibilityGlobals) = postSolution
		SolutionGuid = {75E83E1D-113C-4842-89AC-C829051E98A1}
	EndGlobalSection
EndGlobal
